
Microsoft Visual Studio Solution File, Format Version 12.00
# Visual Studio Version 16
VisualStudioVersion = 16.0.32002.261
MinimumVisualStudioVersion = 10.0.40219.1
Project("{8BC9CEB8-8B4A-11D0-8D11-00A0C91BC942}") = "DirectX12LittleMaster", "DirectX12LittleMaster.vcxproj", "{1B01EE54-6235-4AA4-9813-D5431A85DB42}"
EndProject
Global
	GlobalSection(SolutionConfigurationPlatforms) = preSolution
		Debug|x64 = Debug|x64
		Debug|x86 = Debug|x86
		Release|x64 = Release|x64
		Release|x86 = Release|x86
	EndGlobalSection
	GlobalSection(ProjectConfigurationPlatforms) = postSolution
		{1B01EE54-6235-4AA4-9813-D5431A85DB42}.Debug|x64.ActiveCfg = Debug|x64
		{1B01EE54-6235-4AA4-9813-D5431A85DB42}.Debug|x64.Build.0 = Debug|x64
		{1B01EE54-6235-4AA4-9813-D5431A85DB42}.Debug|x86.ActiveCfg = Debug|Win32
		{1B01EE54-6235-4AA4-9813-D5431A85DB42}.Debug|x86.Build.0 = Debug|Win32
		{1B01EE54-6235-4AA4-9813-D5431A85DB42}.Release|x64.ActiveCfg = Release|x64
		{1B01EE54-6235-4AA4-9813-D5431A85DB42}.Release|x64.Build.0 = Release|x64
		{1B01EE54-6235-4AA4-9813-D5431A85DB42}.Release|x86.ActiveCfg = Release|Win32
		{1B01EE54-6235-4AA4-9813-D5431A85DB42}.Release|x86.Build.0 = Release|Win32
	EndGlobalSection
	GlobalSection(SolutionProperties) = preSolution
		HideSolutionNode = FALSE
	EndGlobalSection
	GlobalSection(ExtensibilityGlobals) = postSolution
		SolutionGuid = {A08AABCF-6174-4D4E-8158-378A3C51083B}
	EndGlobalSection
EndGlobal
